
Microsoft Visual Studio Solution File, Format Version 12.00
# Visual Studio Version 17
VisualStudioVersion = 17.13.35931.197
MinimumVisualStudioVersion = 10.0.40219.1
Project("{FAE04EC0-301F-11D3-BF4B-00C04F79EFBC}") = "CompanySystem.Web", "CompanySystem.Web\CompanySystem.Web.csproj", "{CA8D7704-5620-49D8-B4B2-04900395D715}"
EndProject
Project("{FAE04EC0-301F-11D3-BF4B-00C04F79EFBC}") = "CompanySystem.Domain", "CompanySystem.Domain\CompanySystem.Domain.csproj", "{74D58978-E698-4CC7-BFA8-0959D2F7415E}"
EndProject
Project("{FAE04EC0-301F-11D3-BF4B-00C04F79EFBC}") = "CompanySystem.Application", "CompanySystem.Application\CompanySystem.Application.csproj", "{06A9F664-B642-47AE-9253-76B7AAE9AD9C}"
EndProject
Project("{FAE04EC0-301F-11D3-BF4B-00C04F79EFBC}") = "CompanySystem.Shared", "CompanySystem.Shared\CompanySystem.Shared.csproj", "{067DE7DD-E1D6-4794-9639-5A7E81FB5571}"
EndProject
Global
	GlobalSection(SolutionConfigurationPlatforms) = preSolution
		Debug|Any CPU = Debug|Any CPU
		Release|Any CPU = Release|Any CPU
	EndGlobalSection
	GlobalSection(ProjectConfigurationPlatforms) = postSolution
		{CA8D7704-5620-49D8-B4B2-04900395D715}.Debug|Any CPU.ActiveCfg = Debug|Any CPU
		{CA8D7704-5620-49D8-B4B2-04900395D715}.Debug|Any CPU.Build.0 = Debug|Any CPU
		{CA8D7704-5620-49D8-B4B2-04900395D715}.Release|Any CPU.ActiveCfg = Release|Any CPU
		{CA8D7704-5620-49D8-B4B2-04900395D715}.Release|Any CPU.Build.0 = Release|Any CPU
		{74D58978-E698-4CC7-BFA8-0959D2F7415E}.Debug|Any CPU.ActiveCfg = Debug|Any CPU
		{74D58978-E698-4CC7-BFA8-0959D2F7415E}.Debug|Any CPU.Build.0 = Debug|Any CPU
		{74D58978-E698-4CC7-BFA8-0959D2F7415E}.Release|Any CPU.ActiveCfg = Release|Any CPU
		{74D58978-E698-4CC7-BFA8-0959D2F7415E}.Release|Any CPU.Build.0 = Release|Any CPU
		{06A9F664-B642-47AE-9253-76B7AAE9AD9C}.Debug|Any CPU.ActiveCfg = Debug|Any CPU
		{06A9F664-B642-47AE-9253-76B7AAE9AD9C}.Debug|Any CPU.Build.0 = Debug|Any CPU
		{06A9F664-B642-47AE-9253-76B7AAE9AD9C}.Release|Any CPU.ActiveCfg = Release|Any CPU
		{06A9F664-B642-47AE-9253-76B7AAE9AD9C}.Release|Any CPU.Build.0 = Release|Any CPU
		{067DE7DD-E1D6-4794-9639-5A7E81FB5571}.Debug|Any CPU.ActiveCfg = Debug|Any CPU
		{067DE7DD-E1D6-4794-9639-5A7E81FB5571}.Debug|Any CPU.Build.0 = Debug|Any CPU
		{067DE7DD-E1D6-4794-9639-5A7E81FB5571}.Release|Any CPU.ActiveCfg = Release|Any CPU
		{067DE7DD-E1D6-4794-9639-5A7E81FB5571}.Release|Any CPU.Build.0 = Release|Any CPU
	EndGlobalSection
	GlobalSection(SolutionProperties) = preSolution
		HideSolutionNode = FALSE
	EndGlobalSection
	GlobalSection(ExtensibilityGlobals) = postSolution
		SolutionGuid = {AC696FFA-231D-4B1A-8466-0AD06AF6FFCD}
	EndGlobalSection
EndGlobal
